// !$*UTF8*$!
{
	archiveVersion = 1;
	classes = {
	};
	objectVersion = 46;
	objects = {

/* Begin PBXBuildFile section */
		6382EA141962688E00819A92 /* AppDelegate.swift in Sources */ = {isa = PBXBuildFile; fileRef = 6382EA131962688E00819A92 /* AppDelegate.swift */; };
		6382EA161962688E00819A92 /* ViewController.swift in Sources */ = {isa = PBXBuildFile; fileRef = 6382EA151962688E00819A92 /* ViewController.swift */; };
		6382EA191962688E00819A92 /* Main.storyboard in Resources */ = {isa = PBXBuildFile; fileRef = 6382EA171962688E00819A92 /* Main.storyboard */; };
		6382EA1B1962688E00819A92 /* Images.xcassets in Resources */ = {isa = PBXBuildFile; fileRef = 6382EA1A1962688E00819A92 /* Images.xcassets */; };
		6382EA271962688E00819A92 /* TipCalculatorTests.swift in Sources */ = {isa = PBXBuildFile; fileRef = 6382EA261962688E00819A92 /* TipCalculatorTests.swift */; };
		6382EA3119626D4A00819A92 /* TipCalculatorModel.swift in Sources */ = {isa = PBXBuildFile; fileRef = 6382EA3019626D4A00819A92 /* TipCalculatorModel.swift */; };
/* End PBXBuildFile section */

/* Begin PBXContainerItemProxy section */
		6382EA211962688E00819A92 /* PBXContainerItemProxy */ = {
			isa = PBXContainerItemProxy;
			containerPortal = 6382EA061962688E00819A92 /* Project object */;
			proxyType = 1;
			remoteGlobalIDString = 6382EA0D1962688E00819A92;
			remoteInfo = TipCalculator;
		};
/* End PBXContainerItemProxy section */

/* Begin PBXFileReference section */
		6382EA0E1962688E00819A92 /* TipCalculator.app */ = {isa = PBXFileReference; explicitFileType = wrapper.application; includeInIndex = 0; path = TipCalculator.app; sourceTree = BUILT_PRODUCTS_DIR; };
		6382EA121962688E00819A92 /* Info.plist */ = {isa = PBXFileReference; lastKnownFileType = text.plist.xml; path = Info.plist; sourceTree = "<group>"; };
		6382EA131962688E00819A92 /* AppDelegate.swift */ = {isa = PBXFileReference; lastKnownFileType = sourcecode.swift; path = AppDelegate.swift; sourceTree = "<group>"; };
		6382EA151962688E00819A92 /* ViewController.swift */ = {isa = PBXFileReference; lastKnownFileType = sourcecode.swift; path = ViewController.swift; sourceTree = "<group>"; };
		6382EA181962688E00819A92 /* Base */ = {isa = PBXFileReference; lastKnownFileType = file.storyboard; name = Base; path = Base.lproj/Main.storyboard; sourceTree = "<group>"; };
		6382EA1A1962688E00819A92 /* Images.xcassets */ = {isa = PBXFileReference; lastKnownFileType = folder.assetcatalog; path = Images.xcassets; sourceTree = "<group>"; };
		6382EA201962688E00819A92 /* TipCalculatorTests.xctest */ = {isa = PBXFileReference; explicitFileType = wrapper.cfbundle; includeInIndex = 0; path = TipCalculatorTests.xctest; sourceTree = BUILT_PRODUCTS_DIR; };
		6382EA251962688E00819A92 /* Info.plist */ = {isa = PBXFileReference; lastKnownFileType = text.plist.xml; path = Info.plist; sourceTree = "<group>"; };
		6382EA261962688E00819A92 /* TipCalculatorTests.swift */ = {isa = PBXFileReference; lastKnownFileType = sourcecode.swift; path = TipCalculatorTests.swift; sourceTree = "<group>"; };
		6382EA3019626D4A00819A92 /* TipCalculatorModel.swift */ = {isa = PBXFileReference; fileEncoding = 4; lastKnownFileType = sourcecode.swift; path = TipCalculatorModel.swift; sourceTree = SOURCE_ROOT; };
		63B7E27D1962E1B700D94704 /* SwiftTutorial.playground */ = {isa = PBXFileReference; lastKnownFileType = file.playground; path = SwiftTutorial.playground; sourceTree = "<group>"; };
/* End PBXFileReference section */

/* Begin PBXFrameworksBuildPhase section */
		6382EA0B1962688E00819A92 /* Frameworks */ = {
			isa = PBXFrameworksBuildPhase;
			buildActionMask = 2147483647;
			files = (
			);
			runOnlyForDeploymentPostprocessing = 0;
		};
		6382EA1D1962688E00819A92 /* Frameworks */ = {
			isa = PBXFrameworksBuildPhase;
			buildActionMask = 2147483647;
			files = (
			);
			runOnlyForDeploymentPostprocessing = 0;
		};
/* End PBXFrameworksBuildPhase section */

/* Begin PBXGroup section */
		6382EA051962688E00819A92 = {
			isa = PBXGroup;
			children = (
				6382EA101962688E00819A92 /* TipCalculator */,
				6382EA231962688E00819A92 /* TipCalculatorTests */,
				6382EA0F1962688E00819A92 /* Products */,
			);
			sourceTree = "<group>";
		};
		6382EA0F1962688E00819A92 /* Products */ = {
			isa = PBXGroup;
			children = (
				6382EA0E1962688E00819A92 /* TipCalculator.app */,
				6382EA201962688E00819A92 /* TipCalculatorTests.xctest */,
			);
			name = Products;
			sourceTree = "<group>";
		};
		6382EA101962688E00819A92 /* TipCalculator */ = {
			isa = PBXGroup;
			children = (
				6382EA131962688E00819A92 /* AppDelegate.swift */,
				6382EA151962688E00819A92 /* ViewController.swift */,
				6382EA3019626D4A00819A92 /* TipCalculatorModel.swift */,
				63B7E27D1962E1B700D94704 /* SwiftTutorial.playground */,
				6382EA171962688E00819A92 /* Main.storyboard */,
				6382EA1A1962688E00819A92 /* Images.xcassets */,
				6382EA111962688E00819A92 /* Supporting Files */,
			);
			path = TipCalculator;
			sourceTree = "<group>";
		};
		6382EA111962688E00819A92 /* Supporting Files */ = {
			isa = PBXGroup;
			children = (
				6382EA121962688E00819A92 /* Info.plist */,
			);
			name = "Supporting Files";
			sourceTree = "<group>";
		};
		6382EA231962688E00819A92 /* TipCalculatorTests */ = {
			isa = PBXGroup;
			children = (
				6382EA261962688E00819A92 /* TipCalculatorTests.swift */,
				6382EA241962688E00819A92 /* Supporting Files */,
			);
			path = TipCalculatorTests;
			sourceTree = "<group>";
		};
		6382EA241962688E00819A92 /* Supporting Files */ = {
			isa = PBXGroup;
			children = (
				6382EA251962688E00819A92 /* Info.plist */,
			);
			name = "Supporting Files";
			sourceTree = "<group>";
		};
/* End PBXGroup section */

/* Begin PBXNativeTarget section */
		6382EA0D1962688E00819A92 /* TipCalculator */ = {
			isa = PBXNativeTarget;
			buildConfigurationList = 6382EA2A1962688E00819A92 /* Build configuration list for PBXNativeTarget "TipCalculator" */;
			buildPhases = (
				6382EA0A1962688E00819A92 /* Sources */,
				6382EA0B1962688E00819A92 /* Frameworks */,
				6382EA0C1962688E00819A92 /* Resources */,
			);
			buildRules = (
			);
			dependencies = (
			);
			name = TipCalculator;
			productName = TipCalculator;
			productReference = 6382EA0E1962688E00819A92 /* TipCalculator.app */;
			productType = "com.apple.product-type.application";
		};
		6382EA1F1962688E00819A92 /* TipCalculatorTests */ = {
			isa = PBXNativeTarget;
			buildConfigurationList = 6382EA2D1962688E00819A92 /* Build configuration list for PBXNativeTarget "TipCalculatorTests" */;
			buildPhases = (
				6382EA1C1962688E00819A92 /* Sources */,
				6382EA1D1962688E00819A92 /* Frameworks */,
				6382EA1E1962688E00819A92 /* Resources */,
			);
			buildRules = (
			);
			dependencies = (
				6382EA221962688E00819A92 /* PBXTargetDependency */,
			);
			name = TipCalculatorTests;
			productName = TipCalculatorTests;
			productReference = 6382EA201962688E00819A92 /* TipCalculatorTests.xctest */;
			productType = "com.apple.product-type.bundle.unit-test";
		};
/* End PBXNativeTarget section */

/* Begin PBXProject section */
		6382EA061962688E00819A92 /* Project object */ = {
			isa = PBXProject;
			attributes = {
				LastUpgradeCheck = 0600;
				ORGANIZATIONNAME = David;
				TargetAttributes = {
					6382EA0D1962688E00819A92 = {
						CreatedOnToolsVersion = 6.0;
					};
					6382EA1F1962688E00819A92 = {
						CreatedOnToolsVersion = 6.0;
						TestTargetID = 6382EA0D1962688E00819A92;
					};
				};
			};
			buildConfigurationList = 6382EA091962688E00819A92 /* Build configuration list for PBXProject "TipCalculator" */;
			compatibilityVersion = "Xcode 3.2";
			developmentRegion = English;
			hasScannedForEncodings = 0;
			knownRegions = (
				en,
				Base,
			);
			mainGroup = 6382EA051962688E00819A92;
			productRefGroup = 6382EA0F1962688E00819A92 /* Products */;
			projectDirPath = "";
			projectRoot = "";
			targets = (
				6382EA0D1962688E00819A92 /* TipCalculator */,
				6382EA1F1962688E00819A92 /* TipCalculatorTests */,
			);
		};
/* End PBXProject section */

/* Begin PBXResourcesBuildPhase section */
		6382EA0C1962688E00819A92 /* Resources */ = {
			isa = PBXResourcesBuildPhase;
			buildActionMask = 2147483647;
			files = (
				6382EA191962688E00819A92 /* Main.storyboard in Resources */,
				6382EA1B1962688E00819A92 /* Images.xcassets in Resources */,
			);
			runOnlyForDeploymentPostprocessing = 0;
		};
		6382EA1E1962688E00819A92 /* Resources */ = {
			isa = PBXResourcesBuildPhase;
			buildActionMask = 2147483647;
			files = (
			);
			runOnlyForDeploymentPostprocessing = 0;
		};
/* End PBXResourcesBuildPhase section */

/* Begin PBXSourcesBuildPhase section */
		6382EA0A1962688E00819A92 /* Sources */ = {
			isa = PBXSourcesBuildPhase;
			buildActionMask = 2147483647;
			files = (
				6382EA3119626D4A00819A92 /* TipCalculatorModel.swift in Sources */,
				6382EA161962688E00819A92 /* ViewController.swift in Sources */,
				6382EA141962688E00819A92 /* AppDelegate.swift in Sources */,
			);
			runOnlyForDeploymentPostprocessing = 0;
		};
		6382EA1C1962688E00819A92 /* Sources */ = {
			isa = PBXSourcesBuildPhase;
			buildActionMask = 2147483647;
			files = (
				6382EA271962688E00819A92 /* TipCalculatorTests.swift in Sources */,
			);
			runOnlyForDeploymentPostprocessing = 0;
		};
/* End PBXSourcesBuildPhase section */

/* Begin PBXTargetDependency section */
		6382EA221962688E00819A92 /* PBXTargetDependency */ = {
			isa = PBXTargetDependency;
			target = 6382EA0D1962688E00819A92 /* TipCalculator */;
			targetProxy = 6382EA211962688E00819A92 /* PBXContainerItemProxy */;
		};
/* End PBXTargetDependency section */

/* Begin PBXVariantGroup section */
		6382EA171962688E00819A92 /* Main.storyboard */ = {
			isa = PBXVariantGroup;
			children = (
				6382EA181962688E00819A92 /* Base */,
			);
			name = Main.storyboard;
			sourceTree = "<group>";
		};
/* End PBXVariantGroup section */

/* Begin XCBuildConfiguration section */
		6382EA281962688E00819A92 /* Debug */ = {
			isa = XCBuildConfiguration;
			buildSettings = {
				ALWAYS_SEARCH_USER_PATHS = NO;
				CLANG_CXX_LANGUAGE_STANDARD = "gnu++0x";
				CLANG_CXX_LIBRARY = "libc++";
				CLANG_ENABLE_MODULES = YES;
				CLANG_ENABLE_OBJC_ARC = YES;
				CLANG_WARN_BOOL_CONVERSION = YES;
				CLANG_WARN_CONSTANT_CONVERSION = YES;
				CLANG_WARN_DIRECT_OBJC_ISA_USAGE = YES_ERROR;
				CLANG_WARN_EMPTY_BODY = YES;
				CLANG_WARN_ENUM_CONVERSION = YES;
				CLANG_WARN_INT_CONVERSION = YES;
				CLANG_WARN_OBJC_ROOT_CLASS = YES_ERROR;
				CLANG_WARN_UNREACHABLE_CODE = YES;
				CLANG_WARN__DUPLICATE_METHOD_MATCH = YES;
				"CODE_SIGN_IDENTITY[sdk=iphoneos*]" = "iPhone Developer";
				COPY_PHASE_STRIP = NO;
				ENABLE_STRICT_OBJC_MSGSEND = YES;
				GCC_C_LANGUAGE_STANDARD = gnu99;
				GCC_DYNAMIC_NO_PIC = NO;
				GCC_OPTIMIZATION_LEVEL = 0;
				GCC_PREPROCESSOR_DEFINITIONS = (
					"DEBUG=1",
					"$(inherited)",
				);
				GCC_SYMBOLS_PRIVATE_EXTERN = NO;
				GCC_WARN_64_TO_32_BIT_CONVERSION = YES;
				GCC_WARN_ABOUT_RETURN_TYPE = YES_ERROR;
				GCC_WARN_UNDECLARED_SELECTOR = YES;
				GCC_WARN_UNINITIALIZED_AUTOS = YES_AGGRESSIVE;
				GCC_WARN_UNUSED_FUNCTION = YES;
				GCC_WARN_UNUSED_VARIABLE = YES;
				IPHONEOS_DEPLOYMENT_TARGET = 8.0;
				METAL_ENABLE_DEBUG_INFO = YES;
				ONLY_ACTIVE_ARCH = YES;
				SDKROOT = iphoneos;
				SWIFT_OPTIMIZATION_LEVEL = "-Onone";
			};
			name = Debug;
		};
		6382EA291962688E00819A92 /* Release */ = {
			isa = XCBuildConfiguration;
			buildSettings = {
				ALWAYS_SEARCH_USER_PATHS = NO;
				CLANG_CXX_LANGUAGE_STANDARD = "gnu++0x";
				CLANG_CXX_LIBRARY = "libc++";
				CLANG_ENABLE_MODULES = YES;
				CLANG_ENABLE_OBJC_ARC = YES;
				CLANG_WARN_BOOL_CONVERSION = YES;
				CLANG_WARN_CONSTANT_CONVERSION = YES;
				CLANG_WARN_DIRECT_OBJC_ISA_USAGE = YES_ERROR;
				CLANG_WARN_EMPTY_BODY = YES;
				CLANG_WARN_ENUM_CONVERSION = YES;
				CLANG_WARN_INT_CONVERSION = YES;
				CLANG_WARN_OBJC_ROOT_CLASS = YES_ERROR;
				CLANG_WARN_UNREACHABLE_CODE = YES;
				CLANG_WARN__DUPLICATE_METHOD_MATCH = YES;
				"CODE_SIGN_IDENTITY[sdk=iphoneos*]" = "iPhone Developer";
				COPY_PHASE_STRIP = YES;
				ENABLE_NS_ASSERTIONS = NO;
				ENABLE_STRICT_OBJC_MSGSEND = YES;
				GCC_C_LANGUAGE_STANDARD = gnu99;
				GCC_WARN_64_TO_32_BIT_CONVERSION = YES;
				GCC_WARN_ABOUT_RETURN_TYPE = YES_ERROR;
				GCC_WARN_UNDECLARED_SELECTOR = YES;
				GCC_WARN_UNINITIALIZED_AUTOS = YES_AGGRESSIVE;
				GCC_WARN_UNUSED_FUNCTION = YES;
				GCC_WARN_UNUSED_VARIABLE = YES;
				IPHONEOS_DEPLOYMENT_TARGET = 8.0;
				METAL_ENABLE_DEBUG_INFO = NO;
				SDKROOT = iphoneos;
				VALIDATE_PRODUCT = YES;
			};
			name = Release;
		};
		6382EA2B1962688E00819A92 /* Debug */ = {
			isa = XCBuildConfiguration;
			buildSettings = {
				ASSETCATALOG_COMPILER_APPICON_NAME = AppIcon;
				ASSETCATALOG_COMPILER_LAUNCHIMAGE_NAME = LaunchImage;
				INFOPLIST_FILE = TipCalculator/Info.plist;
				IPHONEOS_DEPLOYMENT_TARGET = 7.0;
				LD_RUNPATH_SEARCH_PATHS = "$(inherited) @executable_path/Frameworks";
				PRODUCT_NAME = "$(TARGET_NAME)";
			};
			name = Debug;
		};
		6382EA2C1962688E00819A92 /* Release */ = {
			isa = XCBuildConfiguration;
			buildSettings = {
				ASSETCATALOG_COMPILER_APPICON_NAME = AppIcon;
				ASSETCATALOG_COMPILER_LAUNCHIMAGE_NAME = LaunchImage;
				INFOPLIST_FILE = TipCalculator/Info.plist;
				IPHONEOS_DEPLOYMENT_TARGET = 7.0;
				LD_RUNPATH_SEARCH_PATHS = "$(inherited) @executable_path/Frameworks";
				PRODUCT_NAME = "$(TARGET_NAME)";
			};
			name = Release;
		};
		6382EA2E1962688E00819A92 /* Debug */ = {
			isa = XCBuildConfiguration;
			buildSettings = {
				BUNDLE_LOADER = "$(BUILT_PRODUCTS_DIR)/TipCalculator.app/TipCalculator";
				FRAMEWORK_SEARCH_PATHS = (
					"$(SDKROOT)/Developer/Library/Frameworks",
					"$(inherited)",
				);
				GCC_PREPROCESSOR_DEFINITIONS = (
					"DEBUG=1",
					"$(inherited)",
				);
				INFOPLIST_FILE = TipCalculatorTests/Info.plist;
				LD_RUNPATH_SEARCH_PATHS = "$(inherited) @executable_path/Frameworks @loader_path/Frameworks";
				METAL_ENABLE_DEBUG_INFO = YES;
				PRODUCT_NAME = "$(TARGET_NAME)";
				TEST_HOST = "$(BUNDLE_LOADER)";
			};
			name = Debug;
		};
		6382EA2F1962688E00819A92 /* Release */ = {
			isa = XCBuildConfiguration;
			buildSettings = {
				BUNDLE_LOADER = "$(BUILT_PRODUCTS_DIR)/TipCalculator.app/TipCalculator";
				FRAMEWORK_SEARCH_PATHS = (
					"$(SDKROOT)/Developer/Library/Frameworks",
					"$(inherited)",
				);
				INFOPLIST_FILE = TipCalculatorTests/Info.plist;
				LD_RUNPATH_SEARCH_PATHS = "$(inherited) @executable_path/Frameworks @loader_path/Frameworks";
				METAL_ENABLE_DEBUG_INFO = NO;
				PRODUCT_NAME = "$(TARGET_NAME)";
				TEST_HOST = "$(BUNDLE_LOADER)";
			};
			name = Release;
		};
/* End XCBuildConfiguration section */

/* Begin XCConfigurationList section */
		6382EA091962688E00819A92 /* Build configuration list for PBXProject "TipCalculator" */ = {
			isa = XCConfigurationList;
			buildConfigurations = (
				6382EA281962688E00819A92 /* Debug */,
				6382EA291962688E00819A92 /* Release */,
			);
			defaultConfigurationIsVisible = 0;
			defaultConfigurationName = Release;
		};
		6382EA2A1962688E00819A92 /* Build configuration list for PBXNativeTarget "TipCalculator" */ = {
			isa = XCConfigurationList;
			buildConfigurations = (
				6382EA2B1962688E00819A92 /* Debug */,
				6382EA2C1962688E00819A92 /* Release */,
			);
			defaultConfigurationIsVisible = 0;
			defaultConfigurationName = Release;
		};
		6382EA2D1962688E00819A92 /* Build configuration list for PBXNativeTarget "TipCalculatorTests" */ = {
			isa = XCConfigurationList;
			buildConfigurations = (
				6382EA2E1962688E00819A92 /* Debug */,
				6382EA2F1962688E00819A92 /* Release */,
			);
			defaultConfigurationIsVisible = 0;
			defaultConfigurationName = Release;
		};
/* End XCConfigurationList section */
	};
	rootObject = 6382EA061962688E00819A92 /* Project object */;
}
